{
  "lockfileVersion": 1,
  "workspaces": {
    "": {
      "name": "config-map-gen",
      "dependencies": {
        "xml-formatter": "^3.6.6",
        "yaml": "^2.8.1",
      },
      "devDependencies": {
        "@types/bun": "latest",
      },
      "peerDependencies": {
        "typescript": "^5",
      },
    },
  },
  "packages": {
    "@types/bun": ["@types/bun@1.2.21", "", { "dependencies": { "bun-types": "1.2.21" } }, "sha512-NiDnvEqmbfQ6dmZ3EeUO577s4P5bf4HCTXtI6trMc6f6RzirY5IrF3aIookuSpyslFzrnvv2lmEWv5HyC1X79A=="],

    "@types/node": ["@types/node@24.3.2", "", { "dependencies": { "undici-types": "~7.10.0" } }, "sha512-6L8PkB+m1SSb2kaGGFk3iXENxl8lrs7cyVl7AXH6pgdMfulDfM6yUrVdjtxdnGrLrGzzuav8fFnZMY+rcscqcA=="],

    "@types/react": ["@types/react@19.1.13", "", { "dependencies": { "csstype": "^3.0.2" } }, "sha512-hHkbU/eoO3EG5/MZkuFSKmYqPbSVk5byPFa3e7y/8TybHiLMACgI8seVYlicwk7H5K/rI2px9xrQp/C+AUDTiQ=="],

    "bun-types": ["bun-types@1.2.21", "", { "dependencies": { "@types/node": "*" }, "peerDependencies": { "@types/react": "^19" } }, "sha512-sa2Tj77Ijc/NTLS0/Odjq/qngmEPZfbfnOERi0KRUYhT9R8M4VBioWVmMWE5GrYbKMc+5lVybXygLdibHaqVqw=="],

    "csstype": ["csstype@3.1.3", "", {}, "sha512-M1uQkMl8rQK/szD0LNhtqxIPLpimGm8sOBwU7lLnCpSbTyY3yeU1Vc7l4KT5zT4s/yOxHH5O7tIuuLOCnLADRw=="],

    "typescript": ["typescript@5.9.2", "", { "bin": { "tsc": "bin/tsc", "tsserver": "bin/tsserver" } }, "sha512-CWBzXQrc/qOkhidw1OzBTQuYRbfyxDXJMVJ1XNwUHGROVmuaeiEm3OslpZ1RV96d7SKKjZKrSJu3+t/xlw3R9A=="],

    "undici-types": ["undici-types@7.10.0", "", {}, "sha512-t5Fy/nfn+14LuOc2KNYg75vZqClpAiqscVvMygNnlsHBFpSXdJaYtXMcdNLpl/Qvc3P2cB3s6lOV51nqsFq4ag=="],

    "xml-formatter": ["xml-formatter@3.6.6", "", { "dependencies": { "xml-parser-xo": "^4.1.4" } }, "sha512-yfofQht42x2sN1YThT6Er6GFXiQinfDAsMTNvMPi2uZw5/Vtc2PYHfvALR8U+b2oN2ekBxLd2tGWV06rAM8nQA=="],

    "xml-parser-xo": ["xml-parser-xo@4.1.4", "", {}, "sha512-wo+yWDNeMwd1ctzH4CsiGXaAappDsxuR+VnmPewOzHk/zvefksT2ZlcWpAePl11THOWgnIZM4GjvumevurNWZw=="],

    "yaml": ["yaml@2.8.1", "", { "bin": { "yaml": "bin.mjs" } }, "sha512-lcYcMxX2PO9XMGvAJkJ3OsNMw+/7FKes7/hgerGUYWIoWu5j/+YQqcZr5JnPZWzOsEBgMbSbiSTn/dv/69Mkpw=="],
  }
}
